
Microsoft Visual Studio Solution File, Format Version 12.00
# Visual Studio Version 16
VisualStudioVersion = 16.0.31205.134
MinimumVisualStudioVersion = 10.0.40219.1
Project("{FAE04EC0-301F-11D3-BF4B-00C04F79EFBC}") = "WebApi", "WebApi.csproj", "{1C8E286C-90CD-46CB-B371-01300A5AF39F}"
EndProject
Project("{FAE04EC0-301F-11D3-BF4B-00C04F79EFBC}") = "WebApplication", "..\WebApplication\WebApplication.csproj", "{C8630FBE-EC44-4943-A202-3973BC4CC954}"
EndProject
Global
	GlobalSection(SolutionConfigurationPlatforms) = preSolution
		Debug|Any CPU = Debug|Any CPU
		Release|Any CPU = Release|Any CPU
	EndGlobalSection
	GlobalSection(ProjectConfigurationPlatforms) = postSolution
		{1C8E286C-90CD-46CB-B371-01300A5AF39F}.Debug|Any CPU.ActiveCfg = Debug|Any CPU
		{1C8E286C-90CD-46CB-B371-01300A5AF39F}.Debug|Any CPU.Build.0 = Debug|Any CPU
		{1C8E286C-90CD-46CB-B371-01300A5AF39F}.Release|Any CPU.ActiveCfg = Release|Any CPU
		{1C8E286C-90CD-46CB-B371-01300A5AF39F}.Release|Any CPU.Build.0 = Release|Any CPU
		{C8630FBE-EC44-4943-A202-3973BC4CC954}.Debug|Any CPU.ActiveCfg = Debug|Any CPU
		{C8630FBE-EC44-4943-A202-3973BC4CC954}.Debug|Any CPU.Build.0 = Debug|Any CPU
		{C8630FBE-EC44-4943-A202-3973BC4CC954}.Release|Any CPU.ActiveCfg = Release|Any CPU
		{C8630FBE-EC44-4943-A202-3973BC4CC954}.Release|Any CPU.Build.0 = Release|Any CPU
	EndGlobalSection
	GlobalSection(SolutionProperties) = preSolution
		HideSolutionNode = FALSE
	EndGlobalSection
	GlobalSection(ExtensibilityGlobals) = postSolution
		SolutionGuid = {A608D092-4DED-4E3F-811D-62AA160BCD08}
	EndGlobalSection
EndGlobal
